// !$*UTF8*$!
{
	archiveVersion = 1;
	classes = {
	};
	objectVersion = 46;
	objects = {

/* Begin PBXBuildFile section */
		5526CB9620CDF6FB000B3E38 /* DLCategory.swift in Sources */ = {isa = PBXBuildFile; fileRef = 5526CB9520CDF6FB000B3E38 /* DLCategory.swift */; };
		5526CB9820CDF722000B3E38 /* DLQueue.swift in Sources */ = {isa = PBXBuildFile; fileRef = 5526CB9720CDF722000B3E38 /* DLQueue.swift */; };
		5526CB9C20CDF770000B3E38 /* DLNotification.swift in Sources */ = {isa = PBXBuildFile; fileRef = 5526CB9B20CDF770000B3E38 /* DLNotification.swift */; };
		55EC96C81E01D63900833C1A /* DLLocalNotifications.framework in Frameworks */ = {isa = PBXBuildFile; fileRef = 55EC96BE1E01D63800833C1A /* DLLocalNotifications.framework */; };
		55EC96CD1E01D63900833C1A /* DLLocalNotificationsTests.swift in Sources */ = {isa = PBXBuildFile; fileRef = 55EC96CC1E01D63900833C1A /* DLLocalNotificationsTests.swift */; };
		55EC96CF1E01D63900833C1A /* DLLocalNotifications.h in Headers */ = {isa = PBXBuildFile; fileRef = 55EC96C11E01D63800833C1A /* DLLocalNotifications.h */; settings = {ATTRIBUTES = (Public, ); }; };
		55EC97751E01D8C600833C1A /* DLLocalNotifications.swift in Sources */ = {isa = PBXBuildFile; fileRef = 55EC97741E01D8C600833C1A /* DLLocalNotifications.swift */; };
/* End PBXBuildFile section */

/* Begin PBXContainerItemProxy section */
		55EC96C91E01D63900833C1A /* PBXContainerItemProxy */ = {
			isa = PBXContainerItemProxy;
			containerPortal = 55EC96B51E01D63800833C1A /* Project object */;
			proxyType = 1;
			remoteGlobalIDString = 55EC96BD1E01D63800833C1A;
			remoteInfo = DLLocalNotifications;
		};
/* End PBXContainerItemProxy section */

/* Begin PBXFileReference section */
		5526CB9520CDF6FB000B3E38 /* DLCategory.swift */ = {isa = PBXFileReference; lastKnownFileType = sourcecode.swift; path = DLCategory.swift; sourceTree = "<group>"; };
		5526CB9720CDF722000B3E38 /* DLQueue.swift */ = {isa = PBXFileReference; lastKnownFileType = sourcecode.swift; path = DLQueue.swift; sourceTree = "<group>"; };
		5526CB9B20CDF770000B3E38 /* DLNotification.swift */ = {isa = PBXFileReference; lastKnownFileType = sourcecode.swift; path = DLNotification.swift; sourceTree = "<group>"; };
		55EC96BE1E01D63800833C1A /* DLLocalNotifications.framework */ = {isa = PBXFileReference; explicitFileType = wrapper.framework; includeInIndex = 0; path = DLLocalNotifications.framework; sourceTree = BUILT_PRODUCTS_DIR; };
		55EC96C11E01D63800833C1A /* DLLocalNotifications.h */ = {isa = PBXFileReference; lastKnownFileType = sourcecode.c.h; path = DLLocalNotifications.h; sourceTree = "<group>"; };
		55EC96C21E01D63800833C1A /* Info.plist */ = {isa = PBXFileReference; lastKnownFileType = text.plist.xml; path = Info.plist; sourceTree = "<group>"; };
		55EC96C71E01D63900833C1A /* DLLocalNotificationsTests.xctest */ = {isa = PBXFileReference; explicitFileType = wrapper.cfbundle; includeInIndex = 0; path = DLLocalNotificationsTests.xctest; sourceTree = BUILT_PRODUCTS_DIR; };
		55EC96CC1E01D63900833C1A /* DLLocalNotificationsTests.swift */ = {isa = PBXFileReference; lastKnownFileType = sourcecode.swift; path = DLLocalNotificationsTests.swift; sourceTree = "<group>"; };
		55EC96CE1E01D63900833C1A /* Info.plist */ = {isa = PBXFileReference; lastKnownFileType = text.plist.xml; path = Info.plist; sourceTree = "<group>"; };
		55EC97741E01D8C600833C1A /* DLLocalNotifications.swift */ = {isa = PBXFileReference; fileEncoding = 4; lastKnownFileType = sourcecode.swift; path = DLLocalNotifications.swift; sourceTree = "<group>"; };
/* End PBXFileReference section */

/* Begin PBXFrameworksBuildPhase section */
		55EC96BA1E01D63800833C1A /* Frameworks */ = {
			isa = PBXFrameworksBuildPhase;
			buildActionMask = 2147483647;
			files = (
			);
			runOnlyForDeploymentPostprocessing = 0;
		};
		55EC96C41E01D63900833C1A /* Frameworks */ = {
			isa = PBXFrameworksBuildPhase;
			buildActionMask = 2147483647;
			files = (
				55EC96C81E01D63900833C1A /* DLLocalNotifications.framework in Frameworks */,
			);
			runOnlyForDeploymentPostprocessing = 0;
		};
/* End PBXFrameworksBuildPhase section */

/* Begin PBXGroup section */
		55EC96B41E01D63800833C1A = {
			isa = PBXGroup;
			children = (
				55EC96C01E01D63800833C1A /* DLLocalNotifications */,
				55EC96CB1E01D63900833C1A /* DLLocalNotificationsTests */,
				55EC96BF1E01D63800833C1A /* Products */,
			);
			sourceTree = "<group>";
		};
		55EC96BF1E01D63800833C1A /* Products */ = {
			isa = PBXGroup;
			children = (
				55EC96BE1E01D63800833C1A /* DLLocalNotifications.framework */,
				55EC96C71E01D63900833C1A /* DLLocalNotificationsTests.xctest */,
			);
			name = Products;
			sourceTree = "<group>";
		};
		55EC96C01E01D63800833C1A /* DLLocalNotifications */ = {
			isa = PBXGroup;
			children = (
				55EC96C11E01D63800833C1A /* DLLocalNotifications.h */,
				55EC96C21E01D63800833C1A /* Info.plist */,
				55EC97741E01D8C600833C1A /* DLLocalNotifications.swift */,
				5526CB9520CDF6FB000B3E38 /* DLCategory.swift */,
				5526CB9720CDF722000B3E38 /* DLQueue.swift */,
				5526CB9B20CDF770000B3E38 /* DLNotification.swift */,
			);
			path = DLLocalNotifications;
			sourceTree = "<group>";
		};
		55EC96CB1E01D63900833C1A /* DLLocalNotificationsTests */ = {
			isa = PBXGroup;
			children = (
				55EC96CC1E01D63900833C1A /* DLLocalNotificationsTests.swift */,
				55EC96CE1E01D63900833C1A /* Info.plist */,
			);
			path = DLLocalNotificationsTests;
			sourceTree = "<group>";
		};
/* End PBXGroup section */

/* Begin PBXHeadersBuildPhase section */
		55EC96BB1E01D63800833C1A /* Headers */ = {
			isa = PBXHeadersBuildPhase;
			buildActionMask = 2147483647;
			files = (
				55EC96CF1E01D63900833C1A /* DLLocalNotifications.h in Headers */,
			);
			runOnlyForDeploymentPostprocessing = 0;
		};
/* End PBXHeadersBuildPhase section */

/* Begin PBXNativeTarget section */
		55EC96BD1E01D63800833C1A /* DLLocalNotifications */ = {
			isa = PBXNativeTarget;
			buildConfigurationList = 55EC96D21E01D63900833C1A /* Build configuration list for PBXNativeTarget "DLLocalNotifications" */;
			buildPhases = (
				55EC96B91E01D63800833C1A /* Sources */,
				55EC96BA1E01D63800833C1A /* Frameworks */,
				55EC96BB1E01D63800833C1A /* Headers */,
				55EC96BC1E01D63800833C1A /* Resources */,
			);
			buildRules = (
			);
			dependencies = (
			);
			name = DLLocalNotifications;
			productName = DLLocalNotifications;
			productReference = 55EC96BE1E01D63800833C1A /* DLLocalNotifications.framework */;
			productType = "com.apple.product-type.framework";
		};
		55EC96C61E01D63900833C1A /* DLLocalNotificationsTests */ = {
			isa = PBXNativeTarget;
			buildConfigurationList = 55EC96D51E01D63900833C1A /* Build configuration list for PBXNativeTarget "DLLocalNotificationsTests" */;
			buildPhases = (
				55EC96C31E01D63900833C1A /* Sources */,
				55EC96C41E01D63900833C1A /* Frameworks */,
				55EC96C51E01D63900833C1A /* Resources */,
			);
			buildRules = (
			);
			dependencies = (
				55EC96CA1E01D63900833C1A /* PBXTargetDependency */,
			);
			name = DLLocalNotificationsTests;
			productName = DLLocalNotificationsTests;
			productReference = 55EC96C71E01D63900833C1A /* DLLocalNotificationsTests.xctest */;
			productType = "com.apple.product-type.bundle.unit-test";
		};
/* End PBXNativeTarget section */

/* Begin PBXProject section */
		55EC96B51E01D63800833C1A /* Project object */ = {
			isa = PBXProject;
			attributes = {
				LastSwiftUpdateCheck = 0820;
				LastUpgradeCheck = 0820;
				ORGANIZATIONNAME = "Devesh Laungani";
				TargetAttributes = {
					55EC96BD1E01D63800833C1A = {
						CreatedOnToolsVersion = 8.2;
						DevelopmentTeam = 3FNKL5DKHS;
						LastSwiftMigration = 0910;
						ProvisioningStyle = Automatic;
					};
					55EC96C61E01D63900833C1A = {
						CreatedOnToolsVersion = 8.2;
						DevelopmentTeam = 3FNKL5DKHS;
						LastSwiftMigration = 0910;
						ProvisioningStyle = Automatic;
					};
				};
			};
			buildConfigurationList = 55EC96B81E01D63800833C1A /* Build configuration list for PBXProject "DLLocalNotifications" */;
			compatibilityVersion = "Xcode 3.2";
			developmentRegion = English;
			hasScannedForEncodings = 0;
			knownRegions = (
				en,
			);
			mainGroup = 55EC96B41E01D63800833C1A;
			productRefGroup = 55EC96BF1E01D63800833C1A /* Products */;
			projectDirPath = "";
			projectRoot = "";
			targets = (
				55EC96BD1E01D63800833C1A /* DLLocalNotifications */,
				55EC96C61E01D63900833C1A /* DLLocalNotificationsTests */,
			);
		};
/* End PBXProject section */

/* Begin PBXResourcesBuildPhase section */
		55EC96BC1E01D63800833C1A /* Resources */ = {
			isa = PBXResourcesBuildPhase;
			buildActionMask = 2147483647;
			files = (
			);
			runOnlyForDeploymentPostprocessing = 0;
		};
		55EC96C51E01D63900833C1A /* Resources */ = {
			isa = PBXResourcesBuildPhase;
			buildActionMask = 2147483647;
			files = (
			);
			runOnlyForDeploymentPostprocessing = 0;
		};
/* End PBXResourcesBuildPhase section */

/* Begin PBXSourcesBuildPhase section */
		55EC96B91E01D63800833C1A /* Sources */ = {
			isa = PBXSourcesBuildPhase;
			buildActionMask = 2147483647;
			files = (
				55EC97751E01D8C600833C1A /* DLLocalNotifications.swift in Sources */,
				5526CB9620CDF6FB000B3E38 /* DLCategory.swift in Sources */,
				5526CB9C20CDF770000B3E38 /* DLNotification.swift in Sources */,
				5526CB9820CDF722000B3E38 /* DLQueue.swift in Sources */,
			);
			runOnlyForDeploymentPostprocessing = 0;
		};
		55EC96C31E01D63900833C1A /* Sources */ = {
			isa = PBXSourcesBuildPhase;
			buildActionMask = 2147483647;
			files = (
				55EC96CD1E01D63900833C1A /* DLLocalNotificationsTests.swift in Sources */,
			);
			runOnlyForDeploymentPostprocessing = 0;
		};
/* End PBXSourcesBuildPhase section */

/* Begin PBXTargetDependency section */
		55EC96CA1E01D63900833C1A /* PBXTargetDependency */ = {
			isa = PBXTargetDependency;
			target = 55EC96BD1E01D63800833C1A /* DLLocalNotifications */;
			targetProxy = 55EC96C91E01D63900833C1A /* PBXContainerItemProxy */;
		};
/* End PBXTargetDependency section */

/* Begin XCBuildConfiguration section */
		55EC96D01E01D63900833C1A /* Debug */ = {
			isa = XCBuildConfiguration;
			buildSettings = {
				ALWAYS_SEARCH_USER_PATHS = NO;
				CLANG_ANALYZER_NONNULL = YES;
				CLANG_CXX_LANGUAGE_STANDARD = "gnu++0x";
				CLANG_CXX_LIBRARY = "libc++";
				CLANG_ENABLE_MODULES = YES;
				CLANG_ENABLE_OBJC_ARC = YES;
				CLANG_WARN_BOOL_CONVERSION = YES;
				CLANG_WARN_CONSTANT_CONVERSION = YES;
				CLANG_WARN_DIRECT_OBJC_ISA_USAGE = YES_ERROR;
				CLANG_WARN_DOCUMENTATION_COMMENTS = YES;
				CLANG_WARN_EMPTY_BODY = YES;
				CLANG_WARN_ENUM_CONVERSION = YES;
				CLANG_WARN_INFINITE_RECURSION = YES;
				CLANG_WARN_INT_CONVERSION = YES;
				CLANG_WARN_OBJC_ROOT_CLASS = YES_ERROR;
				CLANG_WARN_SUSPICIOUS_MOVE = YES;
				CLANG_WARN_UNREACHABLE_CODE = YES;
				CLANG_WARN__DUPLICATE_METHOD_MATCH = YES;
				"CODE_SIGN_IDENTITY[sdk=iphoneos*]" = "iPhone Developer";
				COPY_PHASE_STRIP = NO;
				CURRENT_PROJECT_VERSION = 1;
				DEBUG_INFORMATION_FORMAT = dwarf;
				ENABLE_STRICT_OBJC_MSGSEND = YES;
				ENABLE_TESTABILITY = YES;
				GCC_C_LANGUAGE_STANDARD = gnu99;
				GCC_DYNAMIC_NO_PIC = NO;
				GCC_NO_COMMON_BLOCKS = YES;
				GCC_OPTIMIZATION_LEVEL = 0;
				GCC_PREPROCESSOR_DEFINITIONS = (
					"DEBUG=1",
					"$(inherited)",
				);
				GCC_WARN_64_TO_32_BIT_CONVERSION = YES;
				GCC_WARN_ABOUT_RETURN_TYPE = YES_ERROR;
				GCC_WARN_UNDECLARED_SELECTOR = YES;
				GCC_WARN_UNINITIALIZED_AUTOS = YES_AGGRESSIVE;
				GCC_WARN_UNUSED_FUNCTION = YES;
				GCC_WARN_UNUSED_VARIABLE = YES;
				IPHONEOS_DEPLOYMENT_TARGET = 10.2;
				MTL_ENABLE_DEBUG_INFO = YES;
				ONLY_ACTIVE_ARCH = YES;
				SDKROOT = iphoneos;
				SWIFT_ACTIVE_COMPILATION_CONDITIONS = DEBUG;
				SWIFT_OPTIMIZATION_LEVEL = "-Onone";
				TARGETED_DEVICE_FAMILY = "1,2";
				VERSIONING_SYSTEM = "apple-generic";
				VERSION_INFO_PREFIX = "";
			};
			name = Debug;
		};
		55EC96D11E01D63900833C1A /* Release */ = {
			isa = XCBuildConfiguration;
			buildSettings = {
				ALWAYS_SEARCH_USER_PATHS = NO;
				CLANG_ANALYZER_NONNULL = YES;
				CLANG_CXX_LANGUAGE_STANDARD = "gnu++0x";
				CLANG_CXX_LIBRARY = "libc++";
				CLANG_ENABLE_MODULES = YES;
				CLANG_ENABLE_OBJC_ARC = YES;
				CLANG_WARN_BOOL_CONVERSION = YES;
				CLANG_WARN_CONSTANT_CONVERSION = YES;
				CLANG_WARN_DIRECT_OBJC_ISA_USAGE = YES_ERROR;
				CLANG_WARN_DOCUMENTATION_COMMENTS = YES;
				CLANG_WARN_EMPTY_BODY = YES;
				CLANG_WARN_ENUM_CONVERSION = YES;
				CLANG_WARN_INFINITE_RECURSION = YES;
				CLANG_WARN_INT_CONVERSION = YES;
				CLANG_WARN_OBJC_ROOT_CLASS = YES_ERROR;
				CLANG_WARN_SUSPICIOUS_MOVE = YES;
				CLANG_WARN_UNREACHABLE_CODE = YES;
				CLANG_WARN__DUPLICATE_METHOD_MATCH = YES;
				"CODE_SIGN_IDENTITY[sdk=iphoneos*]" = "iPhone Developer";
				COPY_PHASE_STRIP = NO;
				CURRENT_PROJECT_VERSION = 1;
				DEBUG_INFORMATION_FORMAT = "dwarf-with-dsym";
				ENABLE_NS_ASSERTIONS = NO;
				ENABLE_STRICT_OBJC_MSGSEND = YES;
				GCC_C_LANGUAGE_STANDARD = gnu99;
				GCC_NO_COMMON_BLOCKS = YES;
				GCC_WARN_64_TO_32_BIT_CONVERSION = YES;
				GCC_WARN_ABOUT_RETURN_TYPE = YES_ERROR;
				GCC_WARN_UNDECLARED_SELECTOR = YES;
				GCC_WARN_UNINITIALIZED_AUTOS = YES_AGGRESSIVE;
				GCC_WARN_UNUSED_FUNCTION = YES;
				GCC_WARN_UNUSED_VARIABLE = YES;
				IPHONEOS_DEPLOYMENT_TARGET = 10.2;
				MTL_ENABLE_DEBUG_INFO = NO;
				SDKROOT = iphoneos;
				SWIFT_OPTIMIZATION_LEVEL = "-Owholemodule";
				TARGETED_DEVICE_FAMILY = "1,2";
				VALIDATE_PRODUCT = YES;
				VERSIONING_SYSTEM = "apple-generic";
				VERSION_INFO_PREFIX = "";
			};
			name = Release;
		};
		55EC96D31E01D63900833C1A /* Debug */ = {
			isa = XCBuildConfiguration;
			buildSettings = {
				CLANG_ENABLE_MODULES = YES;
				CODE_SIGN_IDENTITY = "";
				DEFINES_MODULE = YES;
				DEVELOPMENT_TEAM = 3FNKL5DKHS;
				DYLIB_COMPATIBILITY_VERSION = 1;
				DYLIB_CURRENT_VERSION = 1;
				DYLIB_INSTALL_NAME_BASE = "@rpath";
				INFOPLIST_FILE = DLLocalNotifications/Info.plist;
				INSTALL_PATH = "$(LOCAL_LIBRARY_DIR)/Frameworks";
				IPHONEOS_DEPLOYMENT_TARGET = 10.0;
				LD_RUNPATH_SEARCH_PATHS = "$(inherited) @executable_path/Frameworks @loader_path/Frameworks";
				PRODUCT_BUNDLE_IDENTIFIER = "open-source.DLLocalNotifications";
				PRODUCT_NAME = "$(TARGET_NAME)";
				SKIP_INSTALL = YES;
				SWIFT_OPTIMIZATION_LEVEL = "-Onone";
				SWIFT_SWIFT3_OBJC_INFERENCE = On;
				SWIFT_VERSION = 4.2;
			};
			name = Debug;
		};
		55EC96D41E01D63900833C1A /* Release */ = {
			isa = XCBuildConfiguration;
			buildSettings = {
				CLANG_ENABLE_MODULES = YES;
				CODE_SIGN_IDENTITY = "";
				DEFINES_MODULE = YES;
				DEVELOPMENT_TEAM = 3FNKL5DKHS;
				DYLIB_COMPATIBILITY_VERSION = 1;
				DYLIB_CURRENT_VERSION = 1;
				DYLIB_INSTALL_NAME_BASE = "@rpath";
				INFOPLIST_FILE = DLLocalNotifications/Info.plist;
				INSTALL_PATH = "$(LOCAL_LIBRARY_DIR)/Frameworks";
				IPHONEOS_DEPLOYMENT_TARGET = 10.0;
				LD_RUNPATH_SEARCH_PATHS = "$(inherited) @executable_path/Frameworks @loader_path/Frameworks";
				PRODUCT_BUNDLE_IDENTIFIER = "open-source.DLLocalNotifications";
				PRODUCT_NAME = "$(TARGET_NAME)";
				SKIP_INSTALL = YES;
				SWIFT_SWIFT3_OBJC_INFERENCE = On;
				SWIFT_VERSION = 4.2;
			};
			name = Release;
		};
		55EC96D61E01D63900833C1A /* Debug */ = {
			isa = XCBuildConfiguration;
			buildSettings = {
				ALWAYS_EMBED_SWIFT_STANDARD_LIBRARIES = YES;
				DEVELOPMENT_TEAM = 3FNKL5DKHS;
				INFOPLIST_FILE = DLLocalNotificationsTests/Info.plist;
				LD_RUNPATH_SEARCH_PATHS = "$(inherited) @executable_path/Frameworks @loader_path/Frameworks";
				PRODUCT_BUNDLE_IDENTIFIER = "open-source.DLLocalNotificationsTests";
				PRODUCT_NAME = "$(TARGET_NAME)";
				SWIFT_SWIFT3_OBJC_INFERENCE = On;
				SWIFT_VERSION = 4.0;
			};
			name = Debug;
		};
		55EC96D71E01D63900833C1A /* Release */ = {
			isa = XCBuildConfiguration;
			buildSettings = {
				ALWAYS_EMBED_SWIFT_STANDARD_LIBRARIES = YES;
				DEVELOPMENT_TEAM = 3FNKL5DKHS;
				INFOPLIST_FILE = DLLocalNotificationsTests/Info.plist;
				LD_RUNPATH_SEARCH_PATHS = "$(inherited) @executable_path/Frameworks @loader_path/Frameworks";
				PRODUCT_BUNDLE_IDENTIFIER = "open-source.DLLocalNotificationsTests";
				PRODUCT_NAME = "$(TARGET_NAME)";
				SWIFT_SWIFT3_OBJC_INFERENCE = On;
				SWIFT_VERSION = 4.0;
			};
			name = Release;
		};
/* End XCBuildConfiguration section */

/* Begin XCConfigurationList section */
		55EC96B81E01D63800833C1A /* Build configuration list for PBXProject "DLLocalNotifications" */ = {
			isa = XCConfigurationList;
			buildConfigurations = (
				55EC96D01E01D63900833C1A /* Debug */,
				55EC96D11E01D63900833C1A /* Release */,
			);
			defaultConfigurationIsVisible = 0;
			defaultConfigurationName = Release;
		};
		55EC96D21E01D63900833C1A /* Build configuration list for PBXNativeTarget "DLLocalNotifications" */ = {
			isa = XCConfigurationList;
			buildConfigurations = (
				55EC96D31E01D63900833C1A /* Debug */,
				55EC96D41E01D63900833C1A /* Release */,
			);
			defaultConfigurationIsVisible = 0;
			defaultConfigurationName = Release;
		};
		55EC96D51E01D63900833C1A /* Build configuration list for PBXNativeTarget "DLLocalNotificationsTests" */ = {
			isa = XCConfigurationList;
			buildConfigurations = (
				55EC96D61E01D63900833C1A /* Debug */,
				55EC96D71E01D63900833C1A /* Release */,
			);
			defaultConfigurationIsVisible = 0;
			defaultConfigurationName = Release;
		};
/* End XCConfigurationList section */
	};
	rootObject = 55EC96B51E01D63800833C1A /* Project object */;
}
